{
    "name": "background-feature",
    "version": "0.0.3",
    "lockfileVersion": 1,
    "requires": true,
    "dependencies": {
        "@types/node": {
            "version": "12.12.16",
            "resolved": "https://registry.npmjs.org/@types/node/-/node-12.12.16.tgz",
            "integrity": "sha512-vRuMyoOr5yfNf8QWxXegOjeyjpWJxFePzHzmBOIzDIzo+rSqF94RW0PkS6y4T2+VjAWLXHWrfbIJY3E3aS7lUw==",
            "dev": true
        },
        "@types/vscode": {
            "version": "1.40.0",
            "resolved": "https://registry.npmjs.org/@types/vscode/-/vscode-1.40.0.tgz",
            "integrity": "sha512-5kEIxL3qVRkwhlMerxO7XuMffa+0LBl+iG2TcRa0NsdoeSFLkt/9hJ02jsi/Kvc6y8OVF2N2P2IHP5S4lWf/5w==",
            "dev": true
        },
        "typescript": {
            "version": "3.7.3",
            "resolved": "https://registry.npmjs.org/typescript/-/typescript-3.7.3.tgz",
            "integrity": "sha512-Mcr/Qk7hXqFBXMN7p7Lusj1ktCBydylfQM/FZCk5glCNQJrCUKPkMHdo9R0MTFWsC/4kPFvDS0fDPvukfCkFsw==",
            "dev": true
        }
    }
}
